
Microsoft Visual Studio Solution File, Format Version 12.00
# Visual Studio Version 17
VisualStudioVersion = 17.7.34202.233
MinimumVisualStudioVersion = 10.0.40219.1
Project("{FAE04EC0-301F-11D3-BF4B-00C04F79EFBC}") = "ExtendString", "ExtendString.csproj", "{214F90D3-C53E-4843-A6E7-6F5D4721FBBE}"
EndProject
Global
	GlobalSection(SolutionConfigurationPlatforms) = preSolution
		Debug|Any CPU = Debug|Any CPU
		Release|Any CPU = Release|Any CPU
	EndGlobalSection
	GlobalSection(ProjectConfigurationPlatforms) = postSolution
		{214F90D3-C53E-4843-A6E7-6F5D4721FBBE}.Debug|Any CPU.ActiveCfg = Debug|Any CPU
		{214F90D3-C53E-4843-A6E7-6F5D4721FBBE}.Debug|Any CPU.Build.0 = Debug|Any CPU
		{214F90D3-C53E-4843-A6E7-6F5D4721FBBE}.Release|Any CPU.ActiveCfg = Release|Any CPU
		{214F90D3-C53E-4843-A6E7-6F5D4721FBBE}.Release|Any CPU.Build.0 = Release|Any CPU
	EndGlobalSection
	GlobalSection(SolutionProperties) = preSolution
		HideSolutionNode = FALSE
	EndGlobalSection
	GlobalSection(ExtensibilityGlobals) = postSolution
		SolutionGuid = {D75888D3-4C5A-4501-8575-3041CE5C3FEE}
	EndGlobalSection
EndGlobal
